
Microsoft Visual Studio Solution File, Format Version 11.00
# Visual Studio 2010
Project("{8BC9CEB8-8B4A-11D0-8D11-00A0C91BC942}") = "KinectSonarRobot", "KinectSonarRobot\KinectSonarRobot.vcxproj", "{75EFFDDD-C775-448F-9F9E-360F519D625C}"
EndProject
Global
	GlobalSection(SolutionConfigurationPlatforms) = preSolution
		Debug|Win32 = Debug|Win32
		Release|Win32 = Release|Win32
	EndGlobalSection
	GlobalSection(ProjectConfigurationPlatforms) = postSolution
		{75EFFDDD-C775-448F-9F9E-360F519D625C}.Debug|Win32.ActiveCfg = Debug|Win32
		{75EFFDDD-C775-448F-9F9E-360F519D625C}.Debug|Win32.Build.0 = Debug|Win32
		{75EFFDDD-C775-448F-9F9E-360F519D625C}.Release|Win32.ActiveCfg = Release|Win32
		{75EFFDDD-C775-448F-9F9E-360F519D625C}.Release|Win32.Build.0 = Release|Win32
	EndGlobalSection
	GlobalSection(SolutionProperties) = preSolution
		HideSolutionNode = FALSE
	EndGlobalSection
EndGlobal
